# This file is automatically @generated by Cargo.
# It is not intended for manual editing.
version = 4

[[package]]
name = "bitflags"
version = "2.10.0"
source = "registry+https://github.com/rust-lang/crates.io-index"
checksum = "812e12b5285cc515a9c72a5c1d3b6d46a19dac5acfef5265968c166106e31dd3"

[[package]]
name = "conway"
version = "0.1.0"
dependencies = [
 "sdl3",
]

[[package]]
name = "lazy_static"
version = "1.5.0"
source = "registry+https://github.com/rust-lang/crates.io-index"
checksum = "bbd2bcb4c963f2ddae06a2efc7e9f3591312473c50c6685e1f298068316e66fe"

[[package]]
name = "libc"
version = "0.2.178"
source = "registry+https://github.com/rust-lang/crates.io-index"
checksum = "37c93d8daa9d8a012fd8ab92f088405fb202ea0b6ab73ee2482ae66af4f42091"

[[package]]
name = "sdl3"
version = "0.16.2"
source = "registry+https://github.com/rust-lang/crates.io-index"
checksum = "40ad6a0142275b5a39c20051c071ab6719068d3ecb345cc96f78b9818e73e44a"
dependencies = [
 "bitflags",
 "lazy_static",
 "libc",
 "sdl3-sys",
]

[[package]]
name = "sdl3-sys"
version = "0.5.11+SDL3-3.2.28"
source = "registry+https://github.com/rust-lang/crates.io-index"
checksum = "73979b5f78819ede7fb6b7534161fe70f3d7a56cc09e7e29c7b58c2b525abfa6"
